
Microsoft Visual Studio Solution File, Format Version 12.00
# Visual Studio Version 17
VisualStudioVersion = 17.5.33424.131
MinimumVisualStudioVersion = 10.0.40219.1
Project("{9A19103F-16F7-4668-BE54-9A1E7A4F7556}") = "Nanni_ScreenConfigurator", "Nanni_ScreenConfigurator.csproj", "{C8DEE8E0-DB4C-4A4D-8CD9-B6C09D639E53}"
EndProject
Project("{54435603-DBB4-11D2-8724-00A0C9A8B90C}") = "Installer_NaniConfigTool", "..\Installer_NaniConfigTool\Installer_NaniConfigTool.vdproj", "{F4875A2F-C1CC-4322-A142-292163994286}"
EndProject
Global
	GlobalSection(SolutionConfigurationPlatforms) = preSolution
		Debug|Any CPU = Debug|Any CPU
		Release|Any CPU = Release|Any CPU
	EndGlobalSection
	GlobalSection(ProjectConfigurationPlatforms) = postSolution
		{C8DEE8E0-DB4C-4A4D-8CD9-B6C09D639E53}.Debug|Any CPU.ActiveCfg = Debug|Any CPU
		{C8DEE8E0-DB4C-4A4D-8CD9-B6C09D639E53}.Debug|Any CPU.Build.0 = Debug|Any CPU
		{C8DEE8E0-DB4C-4A4D-8CD9-B6C09D639E53}.Release|Any CPU.ActiveCfg = Release|Any CPU
		{C8DEE8E0-DB4C-4A4D-8CD9-B6C09D639E53}.Release|Any CPU.Build.0 = Release|Any CPU
		{F4875A2F-C1CC-4322-A142-292163994286}.Debug|Any CPU.ActiveCfg = Debug
		{F4875A2F-C1CC-4322-A142-292163994286}.Release|Any CPU.ActiveCfg = Release
	EndGlobalSection
	GlobalSection(SolutionProperties) = preSolution
		HideSolutionNode = FALSE
	EndGlobalSection
	GlobalSection(ExtensibilityGlobals) = postSolution
		SolutionGuid = {313D421F-EE24-48AD-92B5-FDD8BDCED3CE}
	EndGlobalSection
EndGlobal
